Microsoft Visual Studio Solution File, Format Version 12.00
# Visual Studio Version 17
VisualStudioVersion = 17.5.2.0
MinimumVisualStudioVersion = 10.0.40219.1
Project("{FAE04EC0-301F-11D3-BF4B-00C04F79EFBC}") = "DotNetMicroDemo", "DotNetMicroDemo.csproj", "{3782866D-526C-26EA-07CB-A00036559F31}"
EndProject
Global
	GlobalSection(SolutionConfigurationPlatforms) = preSolution
		Debug|Any CPU = Debug|Any CPU
		Release|Any CPU = Release|Any CPU
	EndGlobalSection
	GlobalSection(ProjectConfigurationPlatforms) = postSolution
		{3782866D-526C-26EA-07CB-A00036559F31}.Debug|Any CPU.ActiveCfg = Debug|Any CPU
		{3782866D-526C-26EA-07CB-A00036559F31}.Debug|Any CPU.Build.0 = Debug|Any CPU
		{3782866D-526C-26EA-07CB-A00036559F31}.Release|Any CPU.ActiveCfg = Release|Any CPU
		{3782866D-526C-26EA-07CB-A00036559F31}.Release|Any CPU.Build.0 = Release|Any CPU
	EndGlobalSection
	GlobalSection(SolutionProperties) = preSolution
		HideSolutionNode = FALSE
	EndGlobalSection
	GlobalSection(ExtensibilityGlobals) = postSolution
		SolutionGuid = {F2224FF8-2698-4503-AA3D-1181F435759E}
	EndGlobalSection
EndGlobal
